// !$*UTF8*$!
{
	archiveVersion = 1;
	classes = {
	};
	objectVersion = 46;
	objects = {

/* Begin PBXBuildFile section */
		140DAE4D1C61F840007B6F43 /* AppDelegate.swift in Sources */ = {isa = PBXBuildFile; fileRef = 140DAE4C1C61F840007B6F43 /* AppDelegate.swift */; };
		140DAE4F1C61F840007B6F43 /* ViewController.swift in Sources */ = {isa = PBXBuildFile; fileRef = 140DAE4E1C61F840007B6F43 /* ViewController.swift */; };
		140DAE521C61F840007B6F43 /* Main.storyboard in Resources */ = {isa = PBXBuildFile; fileRef = 140DAE501C61F840007B6F43 /* Main.storyboard */; };
		140DAE541C61F840007B6F43 /* Assets.xcassets in Resources */ = {isa = PBXBuildFile; fileRef = 140DAE531C61F840007B6F43 /* Assets.xcassets */; };
		140DAE571C61F840007B6F43 /* LaunchScreen.storyboard in Resources */ = {isa = PBXBuildFile; fileRef = 140DAE551C61F840007B6F43 /* LaunchScreen.storyboard */; };
		140DAE621C61F840007B6F43 /* ios_jiraTests.swift in Sources */ = {isa = PBXBuildFile; fileRef = 140DAE611C61F840007B6F43 /* ios_jiraTests.swift */; };
		140DAE6D1C61F840007B6F43 /* ios_jiraUITests.swift in Sources */ = {isa = PBXBuildFile; fileRef = 140DAE6C1C61F840007B6F43 /* ios_jiraUITests.swift */; };
		14678AD01C717F45008BDB71 /* AutoCompleteTextField.swift in Sources */ = {isa = PBXBuildFile; fileRef = 14D51E091C632CB40035A567 /* AutoCompleteTextField.swift */; };
		14D51E011C6314A70035A567 /* ReportViewController.swift in Sources */ = {isa = PBXBuildFile; fileRef = 14D51E001C6314A70035A567 /* ReportViewController.swift */; };
/* End PBXBuildFile section */

/* Begin PBXContainerItemProxy section */
		140DAE5E1C61F840007B6F43 /* PBXContainerItemProxy */ = {
			isa = PBXContainerItemProxy;
			containerPortal = 140DAE411C61F840007B6F43 /* Project object */;
			proxyType = 1;
			remoteGlobalIDString = 140DAE481C61F840007B6F43;
			remoteInfo = ios_jira;
		};
		140DAE691C61F840007B6F43 /* PBXContainerItemProxy */ = {
			isa = PBXContainerItemProxy;
			containerPortal = 140DAE411C61F840007B6F43 /* Project object */;
			proxyType = 1;
			remoteGlobalIDString = 140DAE481C61F840007B6F43;
			remoteInfo = ios_jira;
		};
/* End PBXContainerItemProxy section */

/* Begin PBXFileReference section */
		140DAE491C61F840007B6F43 /* ios_jira.app */ = {isa = PBXFileReference; explicitFileType = wrapper.application; includeInIndex = 0; path = ios_jira.app; sourceTree = BUILT_PRODUCTS_DIR; };
		140DAE4C1C61F840007B6F43 /* AppDelegate.swift */ = {isa = PBXFileReference; lastKnownFileType = sourcecode.swift; path = AppDelegate.swift; sourceTree = "<group>"; };
		140DAE4E1C61F840007B6F43 /* ViewController.swift */ = {isa = PBXFileReference; lastKnownFileType = sourcecode.swift; path = ViewController.swift; sourceTree = "<group>"; };
		140DAE511C61F840007B6F43 /* Base */ = {isa = PBXFileReference; lastKnownFileType = file.storyboard; name = Base; path = Base.lproj/Main.storyboard; sourceTree = "<group>"; };
		140DAE531C61F840007B6F43 /* Assets.xcassets */ = {isa = PBXFileReference; lastKnownFileType = folder.assetcatalog; path = Assets.xcassets; sourceTree = "<group>"; };
		140DAE561C61F840007B6F43 /* Base */ = {isa = PBXFileReference; lastKnownFileType = file.storyboard; name = Base; path = Base.lproj/LaunchScreen.storyboard; sourceTree = "<group>"; };
		140DAE581C61F840007B6F43 /* Info.plist */ = {isa = PBXFileReference; lastKnownFileType = text.plist.xml; path = Info.plist; sourceTree = "<group>"; };
		140DAE5D1C61F840007B6F43 /* ios_jiraTests.xctest */ = {isa = PBXFileReference; explicitFileType = wrapper.cfbundle; includeInIndex = 0; path = ios_jiraTests.xctest; sourceTree = BUILT_PRODUCTS_DIR; };
		140DAE611C61F840007B6F43 /* ios_jiraTests.swift */ = {isa = PBXFileReference; lastKnownFileType = sourcecode.swift; path = ios_jiraTests.swift; sourceTree = "<group>"; };
		140DAE631C61F840007B6F43 /* Info.plist */ = {isa = PBXFileReference; lastKnownFileType = text.plist.xml; path = Info.plist; sourceTree = "<group>"; };
		140DAE681C61F840007B6F43 /* ios_jiraUITests.xctest */ = {isa = PBXFileReference; explicitFileType = wrapper.cfbundle; includeInIndex = 0; path = ios_jiraUITests.xctest; sourceTree = BUILT_PRODUCTS_DIR; };
		140DAE6C1C61F840007B6F43 /* ios_jiraUITests.swift */ = {isa = PBXFileReference; lastKnownFileType = sourcecode.swift; path = ios_jiraUITests.swift; sourceTree = "<group>"; };
		140DAE6E1C61F840007B6F43 /* Info.plist */ = {isa = PBXFileReference; lastKnownFileType = text.plist.xml; path = Info.plist; sourceTree = "<group>"; };
		14D51E001C6314A70035A567 /* ReportViewController.swift */ = {isa = PBXFileReference; fileEncoding = 4; lastKnownFileType = sourcecode.swift; path = ReportViewController.swift; sourceTree = "<group>"; };
		14D51E091C632CB40035A567 /* AutoCompleteTextField.swift */ = {isa = PBXFileReference; fileEncoding = 4; lastKnownFileType = sourcecode.swift; path = AutoCompleteTextField.swift; sourceTree = "<group>"; };
/* End PBXFileReference section */

/* Begin PBXFrameworksBuildPhase section */
		140DAE461C61F840007B6F43 /* Frameworks */ = {
			isa = PBXFrameworksBuildPhase;
			buildActionMask = 2147483647;
			files = (
			);
			runOnlyForDeploymentPostprocessing = 0;
		};
		140DAE5A1C61F840007B6F43 /* Frameworks */ = {
			isa = PBXFrameworksBuildPhase;
			buildActionMask = 2147483647;
			files = (
			);
			runOnlyForDeploymentPostprocessing = 0;
		};
		140DAE651C61F840007B6F43 /* Frameworks */ = {
			isa = PBXFrameworksBuildPhase;
			buildActionMask = 2147483647;
			files = (
			);
			runOnlyForDeploymentPostprocessing = 0;
		};
/* End PBXFrameworksBuildPhase section */

/* Begin PBXGroup section */
		140DAE401C61F840007B6F43 = {
			isa = PBXGroup;
			children = (
				140DAE4B1C61F840007B6F43 /* ios_jira */,
				140DAE601C61F840007B6F43 /* ios_jiraTests */,
				140DAE6B1C61F840007B6F43 /* ios_jiraUITests */,
				140DAE4A1C61F840007B6F43 /* Products */,
			);
			sourceTree = "<group>";
		};
		140DAE4A1C61F840007B6F43 /* Products */ = {
			isa = PBXGroup;
			children = (
				140DAE491C61F840007B6F43 /* ios_jira.app */,
				140DAE5D1C61F840007B6F43 /* ios_jiraTests.xctest */,
				140DAE681C61F840007B6F43 /* ios_jiraUITests.xctest */,
			);
			name = Products;
			sourceTree = "<group>";
		};
		140DAE4B1C61F840007B6F43 /* ios_jira */ = {
			isa = PBXGroup;
			children = (
				14D51E091C632CB40035A567 /* AutoCompleteTextField.swift */,
				140DAE4C1C61F840007B6F43 /* AppDelegate.swift */,
				140DAE4E1C61F840007B6F43 /* ViewController.swift */,
				14D51E001C6314A70035A567 /* ReportViewController.swift */,
				140DAE501C61F840007B6F43 /* Main.storyboard */,
				140DAE531C61F840007B6F43 /* Assets.xcassets */,
				140DAE551C61F840007B6F43 /* LaunchScreen.storyboard */,
				140DAE581C61F840007B6F43 /* Info.plist */,
			);
			path = ios_jira;
			sourceTree = "<group>";
		};
		140DAE601C61F840007B6F43 /* ios_jiraTests */ = {
			isa = PBXGroup;
			children = (
				140DAE611C61F840007B6F43 /* ios_jiraTests.swift */,
				140DAE631C61F840007B6F43 /* Info.plist */,
			);
			path = ios_jiraTests;
			sourceTree = "<group>";
		};
		140DAE6B1C61F840007B6F43 /* ios_jiraUITests */ = {
			isa = PBXGroup;
			children = (
				140DAE6C1C61F840007B6F43 /* ios_jiraUITests.swift */,
				140DAE6E1C61F840007B6F43 /* Info.plist */,
			);
			path = ios_jiraUITests;
			sourceTree = "<group>";
		};
/* End PBXGroup section */

/* Begin PBXNativeTarget section */
		140DAE481C61F840007B6F43 /* ios_jira */ = {
			isa = PBXNativeTarget;
			buildConfigurationList = 140DAE711C61F841007B6F43 /* Build configuration list for PBXNativeTarget "ios_jira" */;
			buildPhases = (
				140DAE451C61F840007B6F43 /* Sources */,
				140DAE461C61F840007B6F43 /* Frameworks */,
				140DAE471C61F840007B6F43 /* Resources */,
			);
			buildRules = (
			);
			dependencies = (
			);
			name = ios_jira;
			productName = ios_jira;
			productReference = 140DAE491C61F840007B6F43 /* ios_jira.app */;
			productType = "com.apple.product-type.application";
		};
		140DAE5C1C61F840007B6F43 /* ios_jiraTests */ = {
			isa = PBXNativeTarget;
			buildConfigurationList = 140DAE741C61F841007B6F43 /* Build configuration list for PBXNativeTarget "ios_jiraTests" */;
			buildPhases = (
				140DAE591C61F840007B6F43 /* Sources */,
				140DAE5A1C61F840007B6F43 /* Frameworks */,
				140DAE5B1C61F840007B6F43 /* Resources */,
			);
			buildRules = (
			);
			dependencies = (
				140DAE5F1C61F840007B6F43 /* PBXTargetDependency */,
			);
			name = ios_jiraTests;
			productName = ios_jiraTests;
			productReference = 140DAE5D1C61F840007B6F43 /* ios_jiraTests.xctest */;
			productType = "com.apple.product-type.bundle.unit-test";
		};
		140DAE671C61F840007B6F43 /* ios_jiraUITests */ = {
			isa = PBXNativeTarget;
			buildConfigurationList = 140DAE771C61F841007B6F43 /* Build configuration list for PBXNativeTarget "ios_jiraUITests" */;
			buildPhases = (
				140DAE641C61F840007B6F43 /* Sources */,
				140DAE651C61F840007B6F43 /* Frameworks */,
				140DAE661C61F840007B6F43 /* Resources */,
			);
			buildRules = (
			);
			dependencies = (
				140DAE6A1C61F840007B6F43 /* PBXTargetDependency */,
			);
			name = ios_jiraUITests;
			productName = ios_jiraUITests;
			productReference = 140DAE681C61F840007B6F43 /* ios_jiraUITests.xctest */;
			productType = "com.apple.product-type.bundle.ui-testing";
		};
/* End PBXNativeTarget section */

/* Begin PBXProject section */
		140DAE411C61F840007B6F43 /* Project object */ = {
			isa = PBXProject;
			attributes = {
				LastSwiftUpdateCheck = 0720;
				LastUpgradeCheck = 0720;
				ORGANIZATIONNAME = sean;
				TargetAttributes = {
					140DAE481C61F840007B6F43 = {
						CreatedOnToolsVersion = 7.2;
						DevelopmentTeam = 8C6AAL6LBF;
					};
					140DAE5C1C61F840007B6F43 = {
						CreatedOnToolsVersion = 7.2;
						TestTargetID = 140DAE481C61F840007B6F43;
					};
					140DAE671C61F840007B6F43 = {
						CreatedOnToolsVersion = 7.2;
						TestTargetID = 140DAE481C61F840007B6F43;
					};
				};
			};
			buildConfigurationList = 140DAE441C61F840007B6F43 /* Build configuration list for PBXProject "ios_jira" */;
			compatibilityVersion = "Xcode 3.2";
			developmentRegion = English;
			hasScannedForEncodings = 0;
			knownRegions = (
				en,
				Base,
			);
			mainGroup = 140DAE401C61F840007B6F43;
			productRefGroup = 140DAE4A1C61F840007B6F43 /* Products */;
			projectDirPath = "";
			projectRoot = "";
			targets = (
				140DAE481C61F840007B6F43 /* ios_jira */,
				140DAE5C1C61F840007B6F43 /* ios_jiraTests */,
				140DAE671C61F840007B6F43 /* ios_jiraUITests */,
			);
		};
/* End PBXProject section */

/* Begin PBXResourcesBuildPhase section */
		140DAE471C61F840007B6F43 /* Resources */ = {
			isa = PBXResourcesBuildPhase;
			buildActionMask = 2147483647;
			files = (
				140DAE571C61F840007B6F43 /* LaunchScreen.storyboard in Resources */,
				140DAE541C61F840007B6F43 /* Assets.xcassets in Resources */,
				140DAE521C61F840007B6F43 /* Main.storyboard in Resources */,
			);
			runOnlyForDeploymentPostprocessing = 0;
		};
		140DAE5B1C61F840007B6F43 /* Resources */ = {
			isa = PBXResourcesBuildPhase;
			buildActionMask = 2147483647;
			files = (
			);
			runOnlyForDeploymentPostprocessing = 0;
		};
		140DAE661C61F840007B6F43 /* Resources */ = {
			isa = PBXResourcesBuildPhase;
			buildActionMask = 2147483647;
			files = (
			);
			runOnlyForDeploymentPostprocessing = 0;
		};
/* End PBXResourcesBuildPhase section */

/* Begin PBXSourcesBuildPhase section */
		140DAE451C61F840007B6F43 /* Sources */ = {
			isa = PBXSourcesBuildPhase;
			buildActionMask = 2147483647;
			files = (
				14678AD01C717F45008BDB71 /* AutoCompleteTextField.swift in Sources */,
				140DAE4F1C61F840007B6F43 /* ViewController.swift in Sources */,
				140DAE4D1C61F840007B6F43 /* AppDelegate.swift in Sources */,
				14D51E011C6314A70035A567 /* ReportViewController.swift in Sources */,
			);
			runOnlyForDeploymentPostprocessing = 0;
		};
		140DAE591C61F840007B6F43 /* Sources */ = {
			isa = PBXSourcesBuildPhase;
			buildActionMask = 2147483647;
			files = (
				140DAE621C61F840007B6F43 /* ios_jiraTests.swift in Sources */,
			);
			runOnlyForDeploymentPostprocessing = 0;
		};
		140DAE641C61F840007B6F43 /* Sources */ = {
			isa = PBXSourcesBuildPhase;
			buildActionMask = 2147483647;
			files = (
				140DAE6D1C61F840007B6F43 /* ios_jiraUITests.swift in Sources */,
			);
			runOnlyForDeploymentPostprocessing = 0;
		};
/* End PBXSourcesBuildPhase section */

/* Begin PBXTargetDependency section */
		140DAE5F1C61F840007B6F43 /* PBXTargetDependency */ = {
			isa = PBXTargetDependency;
			target = 140DAE481C61F840007B6F43 /* ios_jira */;
			targetProxy = 140DAE5E1C61F840007B6F43 /* PBXContainerItemProxy */;
		};
		140DAE6A1C61F840007B6F43 /* PBXTargetDependency */ = {
			isa = PBXTargetDependency;
			target = 140DAE481C61F840007B6F43 /* ios_jira */;
			targetProxy = 140DAE691C61F840007B6F43 /* PBXContainerItemProxy */;
		};
/* End PBXTargetDependency section */

/* Begin PBXVariantGroup section */
		140DAE501C61F840007B6F43 /* Main.storyboard */ = {
			isa = PBXVariantGroup;
			children = (
				140DAE511C61F840007B6F43 /* Base */,
			);
			name = Main.storyboard;
			sourceTree = "<group>";
		};
		140DAE551C61F840007B6F43 /* LaunchScreen.storyboard */ = {
			isa = PBXVariantGroup;
			children = (
				140DAE561C61F840007B6F43 /* Base */,
			);
			name = LaunchScreen.storyboard;
			sourceTree = "<group>";
		};
/* End PBXVariantGroup section */

/* Begin XCBuildConfiguration section */
		140DAE6F1C61F841007B6F43 /* Debug */ = {
			isa = XCBuildConfiguration;
			buildSettings = {
				ALWAYS_SEARCH_USER_PATHS = NO;
				CLANG_CXX_LANGUAGE_STANDARD = "gnu++0x";
				CLANG_CXX_LIBRARY = "libc++";
				CLANG_ENABLE_MODULES = YES;
				CLANG_ENABLE_OBJC_ARC = YES;
				CLANG_WARN_BOOL_CONVERSION = YES;
				CLANG_WARN_CONSTANT_CONVERSION = YES;
				CLANG_WARN_DIRECT_OBJC_ISA_USAGE = YES_ERROR;
				CLANG_WARN_EMPTY_BODY = YES;
				CLANG_WARN_ENUM_CONVERSION = YES;
				CLANG_WARN_INT_CONVERSION = YES;
				CLANG_WARN_OBJC_ROOT_CLASS = YES_ERROR;
				CLANG_WARN_UNREACHABLE_CODE = YES;
				CLANG_WARN__DUPLICATE_METHOD_MATCH = YES;
				"CODE_SIGN_IDENTITY[sdk=iphoneos*]" = "iPhone Developer";
				COPY_PHASE_STRIP = NO;
				DEBUG_INFORMATION_FORMAT = dwarf;
				ENABLE_STRICT_OBJC_MSGSEND = YES;
				ENABLE_TESTABILITY = YES;
				GCC_C_LANGUAGE_STANDARD = gnu99;
				GCC_DYNAMIC_NO_PIC = NO;
				GCC_NO_COMMON_BLOCKS = YES;
				GCC_OPTIMIZATION_LEVEL = 0;
				GCC_PREPROCESSOR_DEFINITIONS = (
					"DEBUG=1",
					"$(inherited)",
				);
				GCC_WARN_64_TO_32_BIT_CONVERSION = YES;
				GCC_WARN_ABOUT_RETURN_TYPE = YES_ERROR;
				GCC_WARN_UNDECLARED_SELECTOR = YES;
				GCC_WARN_UNINITIALIZED_AUTOS = YES_AGGRESSIVE;
				GCC_WARN_UNUSED_FUNCTION = YES;
				GCC_WARN_UNUSED_VARIABLE = YES;
				IPHONEOS_DEPLOYMENT_TARGET = 9.2;
				MTL_ENABLE_DEBUG_INFO = YES;
				ONLY_ACTIVE_ARCH = YES;
				SDKROOT = iphoneos;
				SWIFT_OPTIMIZATION_LEVEL = "-Onone";
			};
			name = Debug;
		};
		140DAE701C61F841007B6F43 /* Release */ = {
			isa = XCBuildConfiguration;
			buildSettings = {
				ALWAYS_SEARCH_USER_PATHS = NO;
				CLANG_CXX_LANGUAGE_STANDARD = "gnu++0x";
				CLANG_CXX_LIBRARY = "libc++";
				CLANG_ENABLE_MODULES = YES;
				CLANG_ENABLE_OBJC_ARC = YES;
				CLANG_WARN_BOOL_CONVERSION = YES;
				CLANG_WARN_CONSTANT_CONVERSION = YES;
				CLANG_WARN_DIRECT_OBJC_ISA_USAGE = YES_ERROR;
				CLANG_WARN_EMPTY_BODY = YES;
				CLANG_WARN_ENUM_CONVERSION = YES;
				CLANG_WARN_INT_CONVERSION = YES;
				CLANG_WARN_OBJC_ROOT_CLASS = YES_ERROR;
				CLANG_WARN_UNREACHABLE_CODE = YES;
				CLANG_WARN__DUPLICATE_METHOD_MATCH = YES;
				"CODE_SIGN_IDENTITY[sdk=iphoneos*]" = "iPhone Developer";
				COPY_PHASE_STRIP = NO;
				DEBUG_INFORMATION_FORMAT = "dwarf-with-dsym";
				ENABLE_NS_ASSERTIONS = NO;
				ENABLE_STRICT_OBJC_MSGSEND = YES;
				GCC_C_LANGUAGE_STANDARD = gnu99;
				GCC_NO_COMMON_BLOCKS = YES;
				GCC_WARN_64_TO_32_BIT_CONVERSION = YES;
				GCC_WARN_ABOUT_RETURN_TYPE = YES_ERROR;
				GCC_WARN_UNDECLARED_SELECTOR = YES;
				GCC_WARN_UNINITIALIZED_AUTOS = YES_AGGRESSIVE;
				GCC_WARN_UNUSED_FUNCTION = YES;
				GCC_WARN_UNUSED_VARIABLE = YES;
				IPHONEOS_DEPLOYMENT_TARGET = 9.2;
				MTL_ENABLE_DEBUG_INFO = NO;
				SDKROOT = iphoneos;
				VALIDATE_PRODUCT = YES;
			};
			name = Release;
		};
		140DAE721C61F841007B6F43 /* Debug */ = {
			isa = XCBuildConfiguration;
			buildSettings = {
				ASSETCATALOG_COMPILER_APPICON_NAME = AppIcon;
				CODE_SIGN_IDENTITY = "iPhone Developer";
				"CODE_SIGN_IDENTITY[sdk=iphoneos*]" = "iPhone Developer";
				INFOPLIST_FILE = ios_jira/Info.plist;
				IPHONEOS_DEPLOYMENT_TARGET = 7.0;
				LD_RUNPATH_SEARCH_PATHS = "$(inherited) @executable_path/Frameworks";
				ONLY_ACTIVE_ARCH = NO;
				PRODUCT_BUNDLE_IDENTIFIER = "com.youdao.ios-jira";
				PRODUCT_NAME = "$(TARGET_NAME)";
				PROVISIONING_PROFILE = "";
			};
			name = Debug;
		};
		140DAE731C61F841007B6F43 /* Release */ = {
			isa = XCBuildConfiguration;
			buildSettings = {
				ASSETCATALOG_COMPILER_APPICON_NAME = AppIcon;
				CODE_SIGN_IDENTITY = "iPhone Developer";
				"CODE_SIGN_IDENTITY[sdk=iphoneos*]" = "iPhone Developer";
				INFOPLIST_FILE = ios_jira/Info.plist;
				IPHONEOS_DEPLOYMENT_TARGET = 7.0;
				LD_RUNPATH_SEARCH_PATHS = "$(inherited) @executable_path/Frameworks";
				ONLY_ACTIVE_ARCH = YES;
				PRODUCT_BUNDLE_IDENTIFIER = "com.youdao.ios-jira";
				PRODUCT_NAME = "$(TARGET_NAME)";
				PROVISIONING_PROFILE = "";
			};
			name = Release;
		};
		140DAE751C61F841007B6F43 /* Debug */ = {
			isa = XCBuildConfiguration;
			buildSettings = {
				BUNDLE_LOADER = "$(TEST_HOST)";
				INFOPLIST_FILE = ios_jiraTests/Info.plist;
				LD_RUNPATH_SEARCH_PATHS = "$(inherited) @executable_path/Frameworks @loader_path/Frameworks";
				PRODUCT_BUNDLE_IDENTIFIER = "com.youdao.ios-jiraTests";
				PRODUCT_NAME = "$(TARGET_NAME)";
				TEST_HOST = "$(BUILT_PRODUCTS_DIR)/ios_jira.app/ios_jira";
			};
			name = Debug;
		};
		140DAE761C61F841007B6F43 /* Release */ = {
			isa = XCBuildConfiguration;
			buildSettings = {
				BUNDLE_LOADER = "$(TEST_HOST)";
				INFOPLIST_FILE = ios_jiraTests/Info.plist;
				LD_RUNPATH_SEARCH_PATHS = "$(inherited) @executable_path/Frameworks @loader_path/Frameworks";
				PRODUCT_BUNDLE_IDENTIFIER = "com.youdao.ios-jiraTests";
				PRODUCT_NAME = "$(TARGET_NAME)";
				TEST_HOST = "$(BUILT_PRODUCTS_DIR)/ios_jira.app/ios_jira";
			};
			name = Release;
		};
		140DAE781C61F841007B6F43 /* Debug */ = {
			isa = XCBuildConfiguration;
			buildSettings = {
				INFOPLIST_FILE = ios_jiraUITests/Info.plist;
				LD_RUNPATH_SEARCH_PATHS = "$(inherited) @executable_path/Frameworks @loader_path/Frameworks";
				PRODUCT_BUNDLE_IDENTIFIER = "com.youdao.ios-jiraUITests";
				PRODUCT_NAME = "$(TARGET_NAME)";
				TEST_TARGET_NAME = ios_jira;
				USES_XCTRUNNER = YES;
			};
			name = Debug;
		};
		140DAE791C61F841007B6F43 /* Release */ = {
			isa = XCBuildConfiguration;
			buildSettings = {
				INFOPLIST_FILE = ios_jiraUITests/Info.plist;
				LD_RUNPATH_SEARCH_PATHS = "$(inherited) @executable_path/Frameworks @loader_path/Frameworks";
				PRODUCT_BUNDLE_IDENTIFIER = "com.youdao.ios-jiraUITests";
				PRODUCT_NAME = "$(TARGET_NAME)";
				TEST_TARGET_NAME = ios_jira;
				USES_XCTRUNNER = YES;
			};
			name = Release;
		};
/* End XCBuildConfiguration section */

/* Begin XCConfigurationList section */
		140DAE441C61F840007B6F43 /* Build configuration list for PBXProject "ios_jira" */ = {
			isa = XCConfigurationList;
			buildConfigurations = (
				140DAE6F1C61F841007B6F43 /* Debug */,
				140DAE701C61F841007B6F43 /* Release */,
			);
			defaultConfigurationIsVisible = 0;
			defaultConfigurationName = Release;
		};
		140DAE711C61F841007B6F43 /* Build configuration list for PBXNativeTarget "ios_jira" */ = {
			isa = XCConfigurationList;
			buildConfigurations = (
				140DAE721C61F841007B6F43 /* Debug */,
				140DAE731C61F841007B6F43 /* Release */,
			);
			defaultConfigurationIsVisible = 0;
			defaultConfigurationName = Release;
		};
		140DAE741C61F841007B6F43 /* Build configuration list for PBXNativeTarget "ios_jiraTests" */ = {
			isa = XCConfigurationList;
			buildConfigurations = (
				140DAE751C61F841007B6F43 /* Debug */,
				140DAE761C61F841007B6F43 /* Release */,
			);
			defaultConfigurationIsVisible = 0;
			defaultConfigurationName = Release;
		};
		140DAE771C61F841007B6F43 /* Build configuration list for PBXNativeTarget "ios_jiraUITests" */ = {
			isa = XCConfigurationList;
			buildConfigurations = (
				140DAE781C61F841007B6F43 /* Debug */,
				140DAE791C61F841007B6F43 /* Release */,
			);
			defaultConfigurationIsVisible = 0;
			defaultConfigurationName = Release;
		};
/* End XCConfigurationList section */
	};
	rootObject = 140DAE411C61F840007B6F43 /* Project object */;
}
